
Microsoft Visual Studio Solution File, Format Version 12.00
# Visual Studio 15
VisualStudioVersion = 15.0.26124.0
MinimumVisualStudioVersion = 15.0.26124.0
Project("{2150E333-8FDC-42A3-9474-1A3956D46DE8}") = "src", "src", "{4CF25F46-7F01-4BBA-A228-2870053D984D}"
EndProject
Project("{FAE04EC0-301F-11D3-BF4B-00C04F79EFBC}") = "Infotech.TestTask.Webapi", "src\Infotech.TestTask.Webapi\Infotech.TestTask.Webapi.csproj", "{18A613FB-AA03-4EDD-B7A7-C15854A2FD37}"
EndProject
Project("{2150E333-8FDC-42A3-9474-1A3956D46DE8}") = "tests", "tests", "{36C20CC9-34C6-4783-BA7F-13DE241A6102}"
EndProject
Project("{FAE04EC0-301F-11D3-BF4B-00C04F79EFBC}") = "Infotech.TestTask.Webapi.Tests", "tests\Infotech.TestTask.Webapi.Tests\Infotech.TestTask.Webapi.Tests.csproj", "{3C996C25-51D9-4E56-9B0F-42C5BDE776D8}"
EndProject
Global
	GlobalSection(SolutionConfigurationPlatforms) = preSolution
		Debug|Any CPU = Debug|Any CPU
		Debug|x64 = Debug|x64
		Debug|x86 = Debug|x86
		Release|Any CPU = Release|Any CPU
		Release|x64 = Release|x64
		Release|x86 = Release|x86
	EndGlobalSection
	GlobalSection(SolutionProperties) = preSolution
		HideSolutionNode = FALSE
	EndGlobalSection
	GlobalSection(ProjectConfigurationPlatforms) = postSolution
		{18A613FB-AA03-4EDD-B7A7-C15854A2FD37}.Debug|Any CPU.ActiveCfg = Debug|Any CPU
		{18A613FB-AA03-4EDD-B7A7-C15854A2FD37}.Debug|Any CPU.Build.0 = Debug|Any CPU
		{18A613FB-AA03-4EDD-B7A7-C15854A2FD37}.Debug|x64.ActiveCfg = Debug|Any CPU
		{18A613FB-AA03-4EDD-B7A7-C15854A2FD37}.Debug|x64.Build.0 = Debug|Any CPU
		{18A613FB-AA03-4EDD-B7A7-C15854A2FD37}.Debug|x86.ActiveCfg = Debug|Any CPU
		{18A613FB-AA03-4EDD-B7A7-C15854A2FD37}.Debug|x86.Build.0 = Debug|Any CPU
		{18A613FB-AA03-4EDD-B7A7-C15854A2FD37}.Release|Any CPU.ActiveCfg = Release|Any CPU
		{18A613FB-AA03-4EDD-B7A7-C15854A2FD37}.Release|Any CPU.Build.0 = Release|Any CPU
		{18A613FB-AA03-4EDD-B7A7-C15854A2FD37}.Release|x64.ActiveCfg = Release|Any CPU
		{18A613FB-AA03-4EDD-B7A7-C15854A2FD37}.Release|x64.Build.0 = Release|Any CPU
		{18A613FB-AA03-4EDD-B7A7-C15854A2FD37}.Release|x86.ActiveCfg = Release|Any CPU
		{18A613FB-AA03-4EDD-B7A7-C15854A2FD37}.Release|x86.Build.0 = Release|Any CPU
		{3C996C25-51D9-4E56-9B0F-42C5BDE776D8}.Debug|Any CPU.ActiveCfg = Debug|Any CPU
		{3C996C25-51D9-4E56-9B0F-42C5BDE776D8}.Debug|Any CPU.Build.0 = Debug|Any CPU
		{3C996C25-51D9-4E56-9B0F-42C5BDE776D8}.Debug|x64.ActiveCfg = Debug|Any CPU
		{3C996C25-51D9-4E56-9B0F-42C5BDE776D8}.Debug|x64.Build.0 = Debug|Any CPU
		{3C996C25-51D9-4E56-9B0F-42C5BDE776D8}.Debug|x86.ActiveCfg = Debug|Any CPU
		{3C996C25-51D9-4E56-9B0F-42C5BDE776D8}.Debug|x86.Build.0 = Debug|Any CPU
		{3C996C25-51D9-4E56-9B0F-42C5BDE776D8}.Release|Any CPU.ActiveCfg = Release|Any CPU
		{3C996C25-51D9-4E56-9B0F-42C5BDE776D8}.Release|Any CPU.Build.0 = Release|Any CPU
		{3C996C25-51D9-4E56-9B0F-42C5BDE776D8}.Release|x64.ActiveCfg = Release|Any CPU
		{3C996C25-51D9-4E56-9B0F-42C5BDE776D8}.Release|x64.Build.0 = Release|Any CPU
		{3C996C25-51D9-4E56-9B0F-42C5BDE776D8}.Release|x86.ActiveCfg = Release|Any CPU
		{3C996C25-51D9-4E56-9B0F-42C5BDE776D8}.Release|x86.Build.0 = Release|Any CPU
	EndGlobalSection
	GlobalSection(NestedProjects) = preSolution
		{18A613FB-AA03-4EDD-B7A7-C15854A2FD37} = {4CF25F46-7F01-4BBA-A228-2870053D984D}
		{3C996C25-51D9-4E56-9B0F-42C5BDE776D8} = {36C20CC9-34C6-4783-BA7F-13DE241A6102}
	EndGlobalSection
EndGlobal
